Microsoft Visual Studio Solution File, Format Version 12.00
# Visual Studio Version 17
VisualStudioVersion = 17.5.2.0
MinimumVisualStudioVersion = 10.0.40219.1
Project("{FAE04EC0-301F-11D3-BF4B-00C04F79EFBC}") = "l6", "l6.csproj", "{1EDC39A3-8075-2337-2B1B-C2BC3D133DFF}"
EndProject
Global
	GlobalSection(SolutionConfigurationPlatforms) = preSolution
		Debug|Any CPU = Debug|Any CPU
		Release|Any CPU = Release|Any CPU
	EndGlobalSection
	GlobalSection(ProjectConfigurationPlatforms) = postSolution
		{1EDC39A3-8075-2337-2B1B-C2BC3D133DFF}.Debug|Any CPU.ActiveCfg = Debug|Any CPU
		{1EDC39A3-8075-2337-2B1B-C2BC3D133DFF}.Debug|Any CPU.Build.0 = Debug|Any CPU
		{1EDC39A3-8075-2337-2B1B-C2BC3D133DFF}.Release|Any CPU.ActiveCfg = Release|Any CPU
		{1EDC39A3-8075-2337-2B1B-C2BC3D133DFF}.Release|Any CPU.Build.0 = Release|Any CPU
	EndGlobalSection
	GlobalSection(SolutionProperties) = preSolution
		HideSolutionNode = FALSE
	EndGlobalSection
	GlobalSection(ExtensibilityGlobals) = postSolution
		SolutionGuid = {56DAA4D4-69A9-477D-9F4B-E8CC927BC855}
	EndGlobalSection
EndGlobal
